// !$*UTF8*$!
{
	archiveVersion = 1;
	classes = {
	};
	objectVersion = 50;
	objects = {

/* Begin PBXBuildFile section */
		925023D820D19B1B00106771 /* AppDelegate.swift in Sources */ = {isa = PBXBuildFile; fileRef = 925023D720D19B1B00106771 /* AppDelegate.swift */; };
		925023DD20D19B1B00106771 /* Main.storyboard in Resources */ = {isa = PBXBuildFile; fileRef = 925023DB20D19B1B00106771 /* Main.storyboard */; };
		925023DF20D19B1C00106771 /* Assets.xcassets in Resources */ = {isa = PBXBuildFile; fileRef = 925023DE20D19B1C00106771 /* Assets.xcassets */; };
		925023E220D19B1C00106771 /* LaunchScreen.storyboard in Resources */ = {isa = PBXBuildFile; fileRef = 925023E020D19B1C00106771 /* LaunchScreen.storyboard */; };
		925023ED20D19CF700106771 /* RepositoriesTableViewController.swift in Sources */ = {isa = PBXBuildFile; fileRef = 925023EC20D19CF700106771 /* RepositoriesTableViewController.swift */; };
		925023EF20D19D3200106771 /* WebViewController.swift in Sources */ = {isa = PBXBuildFile; fileRef = 925023EE20D19D3200106771 /* WebViewController.swift */; };
		925023F420D19E1200106771 /* RepositoriesSearchService.swift in Sources */ = {isa = PBXBuildFile; fileRef = 925023F320D19E1200106771 /* RepositoriesSearchService.swift */; };
		925023F620D19E2C00106771 /* RepositoriesSearchProvider.swift in Sources */ = {isa = PBXBuildFile; fileRef = 925023F520D19E2C00106771 /* RepositoriesSearchProvider.swift */; };
		925023F820D19E4300106771 /* Repository.swift in Sources */ = {isa = PBXBuildFile; fileRef = 925023F720D19E4300106771 /* Repository.swift */; };
		925023FB20D19E7000106771 /* Cancelable.swift in Sources */ = {isa = PBXBuildFile; fileRef = 925023FA20D19E7000106771 /* Cancelable.swift */; };
		925023FD20D19E9700106771 /* LocalStorage.swift in Sources */ = {isa = PBXBuildFile; fileRef = 925023FC20D19E9700106771 /* LocalStorage.swift */; };
		9250240020D19ECA00106771 /* Extensions.swift in Sources */ = {isa = PBXBuildFile; fileRef = 925023FF20D19ECA00106771 /* Extensions.swift */; };
		9250240220D1A65E00106771 /* Reusable.swift in Sources */ = {isa = PBXBuildFile; fileRef = 9250240120D1A65E00106771 /* Reusable.swift */; };
		9250240420D1A66600106771 /* Configurable.swift in Sources */ = {isa = PBXBuildFile; fileRef = 9250240320D1A66600106771 /* Configurable.swift */; };
		9250240620D1A6CA00106771 /* RepositoryTableViewCell.swift in Sources */ = {isa = PBXBuildFile; fileRef = 9250240520D1A6CA00106771 /* RepositoryTableViewCell.swift */; };
		9250240820D1B5D400106771 /* ResultsTableViewController.swift in Sources */ = {isa = PBXBuildFile; fileRef = 9250240720D1B5D400106771 /* ResultsTableViewController.swift */; };
/* End PBXBuildFile section */

/* Begin PBXFileReference section */
		925023D420D19B1B00106771 /* Repositories.app */ = {isa = PBXFileReference; explicitFileType = wrapper.application; includeInIndex = 0; path = Repositories.app; sourceTree = BUILT_PRODUCTS_DIR; };
		925023D720D19B1B00106771 /* AppDelegate.swift */ = {isa = PBXFileReference; lastKnownFileType = sourcecode.swift; path = AppDelegate.swift; sourceTree = "<group>"; };
		925023DC20D19B1B00106771 /* Base */ = {isa = PBXFileReference; lastKnownFileType = file.storyboard; name = Base; path = Base.lproj/Main.storyboard; sourceTree = "<group>"; };
		925023DE20D19B1C00106771 /* Assets.xcassets */ = {isa = PBXFileReference; lastKnownFileType = folder.assetcatalog; path = Assets.xcassets; sourceTree = "<group>"; };
		925023E120D19B1C00106771 /* Base */ = {isa = PBXFileReference; lastKnownFileType = file.storyboard; name = Base; path = Base.lproj/LaunchScreen.storyboard; sourceTree = "<group>"; };
		925023E320D19B1C00106771 /* Info.plist */ = {isa = PBXFileReference; lastKnownFileType = text.plist.xml; path = Info.plist; sourceTree = "<group>"; };
		925023EC20D19CF700106771 /* RepositoriesTableViewController.swift */ = {isa = PBXFileReference; lastKnownFileType = sourcecode.swift; path = RepositoriesTableViewController.swift; sourceTree = "<group>"; };
		925023EE20D19D3200106771 /* WebViewController.swift */ = {isa = PBXFileReference; lastKnownFileType = sourcecode.swift; path = WebViewController.swift; sourceTree = "<group>"; };
		925023F320D19E1200106771 /* RepositoriesSearchService.swift */ = {isa = PBXFileReference; lastKnownFileType = sourcecode.swift; path = RepositoriesSearchService.swift; sourceTree = "<group>"; };
		925023F520D19E2C00106771 /* RepositoriesSearchProvider.swift */ = {isa = PBXFileReference; lastKnownFileType = sourcecode.swift; path = RepositoriesSearchProvider.swift; sourceTree = "<group>"; };
		925023F720D19E4300106771 /* Repository.swift */ = {isa = PBXFileReference; lastKnownFileType = sourcecode.swift; path = Repository.swift; sourceTree = "<group>"; };
		925023FA20D19E7000106771 /* Cancelable.swift */ = {isa = PBXFileReference; lastKnownFileType = sourcecode.swift; path = Cancelable.swift; sourceTree = "<group>"; };
		925023FC20D19E9700106771 /* LocalStorage.swift */ = {isa = PBXFileReference; lastKnownFileType = sourcecode.swift; path = LocalStorage.swift; sourceTree = "<group>"; };
		925023FF20D19ECA00106771 /* Extensions.swift */ = {isa = PBXFileReference; lastKnownFileType = sourcecode.swift; path = Extensions.swift; sourceTree = "<group>"; };
		9250240120D1A65E00106771 /* Reusable.swift */ = {isa = PBXFileReference; lastKnownFileType = sourcecode.swift; path = Reusable.swift; sourceTree = "<group>"; };
		9250240320D1A66600106771 /* Configurable.swift */ = {isa = PBXFileReference; lastKnownFileType = sourcecode.swift; path = Configurable.swift; sourceTree = "<group>"; };
		9250240520D1A6CA00106771 /* RepositoryTableViewCell.swift */ = {isa = PBXFileReference; lastKnownFileType = sourcecode.swift; path = RepositoryTableViewCell.swift; sourceTree = "<group>"; };
		9250240720D1B5D400106771 /* ResultsTableViewController.swift */ = {isa = PBXFileReference; lastKnownFileType = sourcecode.swift; path = ResultsTableViewController.swift; sourceTree = "<group>"; };
/* End PBXFileReference section */

/* Begin PBXFrameworksBuildPhase section */
		925023D120D19B1B00106771 /* Frameworks */ = {
			isa = PBXFrameworksBuildPhase;
			buildActionMask = 2147483647;
			files = (
			);
			runOnlyForDeploymentPostprocessing = 0;
		};
/* End PBXFrameworksBuildPhase section */

/* Begin PBXGroup section */
		925023CB20D19B1B00106771 = {
			isa = PBXGroup;
			children = (
				925023D620D19B1B00106771 /* Repositories */,
				925023D520D19B1B00106771 /* Products */,
			);
			sourceTree = "<group>";
		};
		925023D520D19B1B00106771 /* Products */ = {
			isa = PBXGroup;
			children = (
				925023D420D19B1B00106771 /* Repositories.app */,
			);
			name = Products;
			sourceTree = "<group>";
		};
		925023D620D19B1B00106771 /* Repositories */ = {
			isa = PBXGroup;
			children = (
				925023D720D19B1B00106771 /* AppDelegate.swift */,
				925023F120D19DA800106771 /* Models */,
				925023F220D19DAD00106771 /* Views */,
				925023EB20D19CD800106771 /* Controllers */,
				925023F020D19D7500106771 /* Services */,
				925023F920D19E5A00106771 /* Protocols */,
				925023FE20D19EAA00106771 /* Extensions */,
				925023EA20D19B4D00106771 /* Storyboards */,
				925023E920D19B3200106771 /* SupportingFiles */,
			);
			path = Repositories;
			sourceTree = "<group>";
		};
		925023E920D19B3200106771 /* SupportingFiles */ = {
			isa = PBXGroup;
			children = (
				925023DE20D19B1C00106771 /* Assets.xcassets */,
				925023E320D19B1C00106771 /* Info.plist */,
			);
			path = SupportingFiles;
			sourceTree = "<group>";
		};
		925023EA20D19B4D00106771 /* Storyboards */ = {
			isa = PBXGroup;
			children = (
				925023DB20D19B1B00106771 /* Main.storyboard */,
				925023E020D19B1C00106771 /* LaunchScreen.storyboard */,
			);
			path = Storyboards;
			sourceTree = "<group>";
		};
		925023EB20D19CD800106771 /* Controllers */ = {
			isa = PBXGroup;
			children = (
				925023EE20D19D3200106771 /* WebViewController.swift */,
				9250240720D1B5D400106771 /* ResultsTableViewController.swift */,
				925023EC20D19CF700106771 /* RepositoriesTableViewController.swift */,
			);
			path = Controllers;
			sourceTree = "<group>";
		};
		925023F020D19D7500106771 /* Services */ = {
			isa = PBXGroup;
			children = (
				925023F320D19E1200106771 /* RepositoriesSearchService.swift */,
				925023F520D19E2C00106771 /* RepositoriesSearchProvider.swift */,
				925023FC20D19E9700106771 /* LocalStorage.swift */,
			);
			path = Services;
			sourceTree = "<group>";
		};
		925023F120D19DA800106771 /* Models */ = {
			isa = PBXGroup;
			children = (
				925023F720D19E4300106771 /* Repository.swift */,
			);
			path = Models;
			sourceTree = "<group>";
		};
		925023F220D19DAD00106771 /* Views */ = {
			isa = PBXGroup;
			children = (
				9250240520D1A6CA00106771 /* RepositoryTableViewCell.swift */,
			);
			path = Views;
			sourceTree = "<group>";
		};
		925023F920D19E5A00106771 /* Protocols */ = {
			isa = PBXGroup;
			children = (
				9250240120D1A65E00106771 /* Reusable.swift */,
				9250240320D1A66600106771 /* Configurable.swift */,
				925023FA20D19E7000106771 /* Cancelable.swift */,
			);
			path = Protocols;
			sourceTree = "<group>";
		};
		925023FE20D19EAA00106771 /* Extensions */ = {
			isa = PBXGroup;
			children = (
				925023FF20D19ECA00106771 /* Extensions.swift */,
			);
			path = Extensions;
			sourceTree = "<group>";
		};
/* End PBXGroup section */

/* Begin PBXNativeTarget section */
		925023D320D19B1B00106771 /* Repositories */ = {
			isa = PBXNativeTarget;
			buildConfigurationList = 925023E620D19B1C00106771 /* Build configuration list for PBXNativeTarget "Repositories" */;
			buildPhases = (
				925023D020D19B1B00106771 /* Sources */,
				925023D120D19B1B00106771 /* Frameworks */,
				925023D220D19B1B00106771 /* Resources */,
			);
			buildRules = (
			);
			dependencies = (
			);
			name = Repositories;
			productName = Repositories;
			productReference = 925023D420D19B1B00106771 /* Repositories.app */;
			productType = "com.apple.product-type.application";
		};
/* End PBXNativeTarget section */

/* Begin PBXProject section */
		925023CC20D19B1B00106771 /* Project object */ = {
			isa = PBXProject;
			attributes = {
				LastSwiftUpdateCheck = 0930;
				LastUpgradeCheck = 0930;
				ORGANIZATIONNAME = "Vanya Petrukha";
				TargetAttributes = {
					925023D320D19B1B00106771 = {
						CreatedOnToolsVersion = 9.3;
					};
				};
			};
			buildConfigurationList = 925023CF20D19B1B00106771 /* Build configuration list for PBXProject "Repositories" */;
			compatibilityVersion = "Xcode 9.3";
			developmentRegion = en;
			hasScannedForEncodings = 0;
			knownRegions = (
				en,
				Base,
			);
			mainGroup = 925023CB20D19B1B00106771;
			productRefGroup = 925023D520D19B1B00106771 /* Products */;
			projectDirPath = "";
			projectRoot = "";
			targets = (
				925023D320D19B1B00106771 /* Repositories */,
			);
		};
/* End PBXProject section */

/* Begin PBXResourcesBuildPhase section */
		925023D220D19B1B00106771 /* Resources */ = {
			isa = PBXResourcesBuildPhase;
			buildActionMask = 2147483647;
			files = (
				925023E220D19B1C00106771 /* LaunchScreen.storyboard in Resources */,
				925023DF20D19B1C00106771 /* Assets.xcassets in Resources */,
				925023DD20D19B1B00106771 /* Main.storyboard in Resources */,
			);
			runOnlyForDeploymentPostprocessing = 0;
		};
/* End PBXResourcesBuildPhase section */

/* Begin PBXSourcesBuildPhase section */
		925023D020D19B1B00106771 /* Sources */ = {
			isa = PBXSourcesBuildPhase;
			buildActionMask = 2147483647;
			files = (
				925023D820D19B1B00106771 /* AppDelegate.swift in Sources */,
				9250240020D19ECA00106771 /* Extensions.swift in Sources */,
				925023F420D19E1200106771 /* RepositoriesSearchService.swift in Sources */,
				9250240620D1A6CA00106771 /* RepositoryTableViewCell.swift in Sources */,
				925023EF20D19D3200106771 /* WebViewController.swift in Sources */,
				9250240220D1A65E00106771 /* Reusable.swift in Sources */,
				9250240420D1A66600106771 /* Configurable.swift in Sources */,
				9250240820D1B5D400106771 /* ResultsTableViewController.swift in Sources */,
				925023ED20D19CF700106771 /* RepositoriesTableViewController.swift in Sources */,
				925023F620D19E2C00106771 /* RepositoriesSearchProvider.swift in Sources */,
				925023FD20D19E9700106771 /* LocalStorage.swift in Sources */,
				925023F820D19E4300106771 /* Repository.swift in Sources */,
				925023FB20D19E7000106771 /* Cancelable.swift in Sources */,
			);
			runOnlyForDeploymentPostprocessing = 0;
		};
/* End PBXSourcesBuildPhase section */

/* Begin PBXVariantGroup section */
		925023DB20D19B1B00106771 /* Main.storyboard */ = {
			isa = PBXVariantGroup;
			children = (
				925023DC20D19B1B00106771 /* Base */,
			);
			name = Main.storyboard;
			sourceTree = "<group>";
		};
		925023E020D19B1C00106771 /* LaunchScreen.storyboard */ = {
			isa = PBXVariantGroup;
			children = (
				925023E120D19B1C00106771 /* Base */,
			);
			name = LaunchScreen.storyboard;
			sourceTree = "<group>";
		};
/* End PBXVariantGroup section */

/* Begin XCBuildConfiguration section */
		925023E420D19B1C00106771 /* Debug */ = {
			isa = XCBuildConfiguration;
			buildSettings = {
				ALWAYS_SEARCH_USER_PATHS = NO;
				CLANG_ANALYZER_NONNULL = YES;
				CLANG_ANALYZER_NUMBER_OBJECT_CONVERSION = YES_AGGRESSIVE;
				CLANG_CXX_LANGUAGE_STANDARD = "gnu++14";
				CLANG_CXX_LIBRARY = "libc++";
				CLANG_ENABLE_MODULES = YES;
				CLANG_ENABLE_OBJC_ARC = YES;
				CLANG_ENABLE_OBJC_WEAK = YES;
				CLANG_WARN_BLOCK_CAPTURE_AUTORELEASING = YES;
				CLANG_WARN_BOOL_CONVERSION = YES;
				CLANG_WARN_COMMA = YES;
				CLANG_WARN_CONSTANT_CONVERSION = YES;
				CLANG_WARN_DEPRECATED_OBJC_IMPLEMENTATIONS = YES;
				CLANG_WARN_DIRECT_OBJC_ISA_USAGE = YES_ERROR;
				CLANG_WARN_DOCUMENTATION_COMMENTS = YES;
				CLANG_WARN_EMPTY_BODY = YES;
				CLANG_WARN_ENUM_CONVERSION = YES;
				CLANG_WARN_INFINITE_RECURSION = YES;
				CLANG_WARN_INT_CONVERSION = YES;
				CLANG_WARN_NON_LITERAL_NULL_CONVERSION = YES;
				CLANG_WARN_OBJC_IMPLICIT_RETAIN_SELF = YES;
				CLANG_WARN_OBJC_LITERAL_CONVERSION = YES;
				CLANG_WARN_OBJC_ROOT_CLASS = YES_ERROR;
				CLANG_WARN_RANGE_LOOP_ANALYSIS = YES;
				CLANG_WARN_STRICT_PROTOTYPES = YES;
				CLANG_WARN_SUSPICIOUS_MOVE = YES;
				CLANG_WARN_UNGUARDED_AVAILABILITY = YES_AGGRESSIVE;
				CLANG_WARN_UNREACHABLE_CODE = YES;
				CLANG_WARN__DUPLICATE_METHOD_MATCH = YES;
				CODE_SIGN_IDENTITY = "iPhone Developer";
				COPY_PHASE_STRIP = NO;
				DEBUG_INFORMATION_FORMAT = dwarf;
				ENABLE_STRICT_OBJC_MSGSEND = YES;
				ENABLE_TESTABILITY = YES;
				GCC_C_LANGUAGE_STANDARD = gnu11;
				GCC_DYNAMIC_NO_PIC = NO;
				GCC_NO_COMMON_BLOCKS = YES;
				GCC_OPTIMIZATION_LEVEL = 0;
				GCC_PREPROCESSOR_DEFINITIONS = (
					"DEBUG=1",
					"$(inherited)",
				);
				GCC_WARN_64_TO_32_BIT_CONVERSION = YES;
				GCC_WARN_ABOUT_RETURN_TYPE = YES_ERROR;
				GCC_WARN_UNDECLARED_SELECTOR = YES;
				GCC_WARN_UNINITIALIZED_AUTOS = YES_AGGRESSIVE;
				GCC_WARN_UNUSED_FUNCTION = YES;
				GCC_WARN_UNUSED_VARIABLE = YES;
				IPHONEOS_DEPLOYMENT_TARGET = 11.3;
				MTL_ENABLE_DEBUG_INFO = YES;
				ONLY_ACTIVE_ARCH = YES;
				SDKROOT = iphoneos;
				SWIFT_ACTIVE_COMPILATION_CONDITIONS = DEBUG;
				SWIFT_OPTIMIZATION_LEVEL = "-Onone";
			};
			name = Debug;
		};
		925023E520D19B1C00106771 /* Release */ = {
			isa = XCBuildConfiguration;
			buildSettings = {
				ALWAYS_SEARCH_USER_PATHS = NO;
				CLANG_ANALYZER_NONNULL = YES;
				CLANG_ANALYZER_NUMBER_OBJECT_CONVERSION = YES_AGGRESSIVE;
				CLANG_CXX_LANGUAGE_STANDARD = "gnu++14";
				CLANG_CXX_LIBRARY = "libc++";
				CLANG_ENABLE_MODULES = YES;
				CLANG_ENABLE_OBJC_ARC = YES;
				CLANG_ENABLE_OBJC_WEAK = YES;
				CLANG_WARN_BLOCK_CAPTURE_AUTORELEASING = YES;
				CLANG_WARN_BOOL_CONVERSION = YES;
				CLANG_WARN_COMMA = YES;
				CLANG_WARN_CONSTANT_CONVERSION = YES;
				CLANG_WARN_DEPRECATED_OBJC_IMPLEMENTATIONS = YES;
				CLANG_WARN_DIRECT_OBJC_ISA_USAGE = YES_ERROR;
				CLANG_WARN_DOCUMENTATION_COMMENTS = YES;
				CLANG_WARN_EMPTY_BODY = YES;
				CLANG_WARN_ENUM_CONVERSION = YES;
				CLANG_WARN_INFINITE_RECURSION = YES;
				CLANG_WARN_INT_CONVERSION = YES;
				CLANG_WARN_NON_LITERAL_NULL_CONVERSION = YES;
				CLANG_WARN_OBJC_IMPLICIT_RETAIN_SELF = YES;
				CLANG_WARN_OBJC_LITERAL_CONVERSION = YES;
				CLANG_WARN_OBJC_ROOT_CLASS = YES_ERROR;
				CLANG_WARN_RANGE_LOOP_ANALYSIS = YES;
				CLANG_WARN_STRICT_PROTOTYPES = YES;
				CLANG_WARN_SUSPICIOUS_MOVE = YES;
				CLANG_WARN_UNGUARDED_AVAILABILITY = YES_AGGRESSIVE;
				CLANG_WARN_UNREACHABLE_CODE = YES;
				CLANG_WARN__DUPLICATE_METHOD_MATCH = YES;
				CODE_SIGN_IDENTITY = "iPhone Developer";
				COPY_PHASE_STRIP = NO;
				DEBUG_INFORMATION_FORMAT = "dwarf-with-dsym";
				ENABLE_NS_ASSERTIONS = NO;
				ENABLE_STRICT_OBJC_MSGSEND = YES;
				GCC_C_LANGUAGE_STANDARD = gnu11;
				GCC_NO_COMMON_BLOCKS = YES;
				GCC_WARN_64_TO_32_BIT_CONVERSION = YES;
				GCC_WARN_ABOUT_RETURN_TYPE = YES_ERROR;
				GCC_WARN_UNDECLARED_SELECTOR = YES;
				GCC_WARN_UNINITIALIZED_AUTOS = YES_AGGRESSIVE;
				GCC_WARN_UNUSED_FUNCTION = YES;
				GCC_WARN_UNUSED_VARIABLE = YES;
				IPHONEOS_DEPLOYMENT_TARGET = 11.3;
				MTL_ENABLE_DEBUG_INFO = NO;
				SDKROOT = iphoneos;
				SWIFT_COMPILATION_MODE = wholemodule;
				SWIFT_OPTIMIZATION_LEVEL = "-O";
				VALIDATE_PRODUCT = YES;
			};
			name = Release;
		};
		925023E720D19B1C00106771 /* Debug */ = {
			isa = XCBuildConfiguration;
			buildSettings = {
				ASSETCATALOG_COMPILER_APPICON_NAME = AppIcon;
				CODE_SIGN_STYLE = Automatic;
				DEVELOPMENT_TEAM = DLM52D56AC;
				INFOPLIST_FILE = "$(SRCROOT)/Repositories/SupportingFiles/Info.plist";
				LD_RUNPATH_SEARCH_PATHS = (
					"$(inherited)",
					"@executable_path/Frameworks",
				);
				PRODUCT_BUNDLE_IDENTIFIER = com.cellforrow.Repositories;
				PRODUCT_NAME = "$(TARGET_NAME)";
				SWIFT_VERSION = 4.0;
				TARGETED_DEVICE_FAMILY = "1,2";
			};
			name = Debug;
		};
		925023E820D19B1C00106771 /* Release */ = {
			isa = XCBuildConfiguration;
			buildSettings = {
				ASSETCATALOG_COMPILER_APPICON_NAME = AppIcon;
				CODE_SIGN_STYLE = Automatic;
				DEVELOPMENT_TEAM = DLM52D56AC;
				INFOPLIST_FILE = "$(SRCROOT)/Repositories/SupportingFiles/Info.plist";
				LD_RUNPATH_SEARCH_PATHS = (
					"$(inherited)",
					"@executable_path/Frameworks",
				);
				PRODUCT_BUNDLE_IDENTIFIER = com.cellforrow.Repositories;
				PRODUCT_NAME = "$(TARGET_NAME)";
				SWIFT_VERSION = 4.0;
				TARGETED_DEVICE_FAMILY = "1,2";
			};
			name = Release;
		};
/* End XCBuildConfiguration section */

/* Begin XCConfigurationList section */
		925023CF20D19B1B00106771 /* Build configuration list for PBXProject "Repositories" */ = {
			isa = XCConfigurationList;
			buildConfigurations = (
				925023E420D19B1C00106771 /* Debug */,
				925023E520D19B1C00106771 /* Release */,
			);
			defaultConfigurationIsVisible = 0;
			defaultConfigurationName = Release;
		};
		925023E620D19B1C00106771 /* Build configuration list for PBXNativeTarget "Repositories" */ = {
			isa = XCConfigurationList;
			buildConfigurations = (
				925023E720D19B1C00106771 /* Debug */,
				925023E820D19B1C00106771 /* Release */,
			);
			defaultConfigurationIsVisible = 0;
			defaultConfigurationName = Release;
		};
/* End XCConfigurationList section */
	};
	rootObject = 925023CC20D19B1B00106771 /* Project object */;
}
